
Microsoft Visual Studio Solution File, Format Version 10.00
# Visual Studio 2008
Project("{8BC9CEB8-8B4A-11D0-8D11-00A0C91BC942}") = "DlgOgl", "DlgOgl.vcproj", "{940F23CE-2877-42C5-8080-1F88DFA94663}"
EndProject
Global
	GlobalSection(SolutionConfigurationPlatforms) = preSolution
		Debug|Win32 = Debug|Win32
		Release|Win32 = Release|Win32
	EndGlobalSection
	GlobalSection(ProjectConfigurationPlatforms) = postSolution
		{940F23CE-2877-42C5-8080-1F88DFA94663}.Debug|Win32.ActiveCfg = Debug|Win32
		{940F23CE-2877-42C5-8080-1F88DFA94663}.Debug|Win32.Build.0 = Debug|Win32
		{940F23CE-2877-42C5-8080-1F88DFA94663}.Release|Win32.ActiveCfg = Release|Win32
		{940F23CE-2877-42C5-8080-1F88DFA94663}.Release|Win32.Build.0 = Release|Win32
	EndGlobalSection
	GlobalSection(SolutionProperties) = preSolution
		HideSolutionNode = FALSE
	EndGlobalSection
EndGlobal
